
Microsoft Visual Studio Solution File, Format Version 12.00
# Visual Studio Version 17
VisualStudioVersion = 17.14.36623.8 d17.14
MinimumVisualStudioVersion = 10.0.40219.1
Project("{FAE04EC0-301F-11D3-BF4B-00C04F79EFBC}") = "CoreBanking", "CoreBanking\CoreBanking.csproj", "{04EADF23-AEC4-4BB7-975B-49B82D182136}"
EndProject
Global
	GlobalSection(SolutionConfigurationPlatforms) = preSolution
		Debug|Any CPU = Debug|Any CPU
		Release|Any CPU = Release|Any CPU
	EndGlobalSection
	GlobalSection(ProjectConfigurationPlatforms) = postSolution
		{04EADF23-AEC4-4BB7-975B-49B82D182136}.Debug|Any CPU.ActiveCfg = Debug|Any CPU
		{04EADF23-AEC4-4BB7-975B-49B82D182136}.Debug|Any CPU.Build.0 = Debug|Any CPU
		{04EADF23-AEC4-4BB7-975B-49B82D182136}.Release|Any CPU.ActiveCfg = Release|Any CPU
		{04EADF23-AEC4-4BB7-975B-49B82D182136}.Release|Any CPU.Build.0 = Release|Any CPU
	EndGlobalSection
	GlobalSection(SolutionProperties) = preSolution
		HideSolutionNode = FALSE
	EndGlobalSection
	GlobalSection(ExtensibilityGlobals) = postSolution
		SolutionGuid = {479FB4F6-28EB-4008-9C03-7671BB96417C}
	EndGlobalSection
EndGlobal
